// !$*UTF8*$!
{
	archiveVersion = 1;
	classes = {
	};
	objectVersion = 77;
	objects = {

/* Begin PBXBuildFile section */
		3F411E252E8D3C96003E422E /* FocusManager.swift in Sources */ = {isa = PBXBuildFile; fileRef = 3F411E242E8D3C96003E422E /* FocusManager.swift */; };
		3F411E272E8D3D2B003E422E /* SettingsMenu.swift in Sources */ = {isa = PBXBuildFile; fileRef = 3F411E262E8D3D2B003E422E /* SettingsMenu.swift */; };
		3F411E2B2E8D42CE003E422E /* FocusSessionControlWindow.swift in Sources */ = {isa = PBXBuildFile; fileRef = 3F411E2A2E8D42CE003E422E /* FocusSessionControlWindow.swift */; };
		3FAC07942E8D2DE500B915B2 /* Assets.xcassets in Resources */ = {isa = PBXBuildFile; fileRef = 3FAC078D2E8D2DE500B915B2 /* Assets.xcassets */; };
		3FAC07972E8D2DE500B915B2 /* FocusOneApp.swift in Sources */ = {isa = PBXBuildFile; fileRef = 3FAC07902E8D2DE500B915B2 /* FocusOneApp.swift */; };
		3FAC079C2E8D2E8900B915B2 /* FocusItem.swift in Sources */ = {isa = PBXBuildFile; fileRef = 3FAC079B2E8D2E8900B915B2 /* FocusItem.swift */; };
		3FAC079E2E8D307F00B915B2 /* FocusSession.swift in Sources */ = {isa = PBXBuildFile; fileRef = 3FAC079D2E8D307F00B915B2 /* FocusSession.swift */; };
		3FAC07A12E8D325A00B915B2 /* FocusSessionCreationWindow.swift in Sources */ = {isa = PBXBuildFile; fileRef = 3FAC07A02E8D325A00B915B2 /* FocusSessionCreationWindow.swift */; };
		3FAC07A62E8D32A600B915B2 /* SoftPillButtonStyle.swift in Sources */ = {isa = PBXBuildFile; fileRef = 3FAC07A52E8D32A600B915B2 /* SoftPillButtonStyle.swift */; };
/* End PBXBuildFile section */

/* Begin PBXFileReference section */
		3F411E242E8D3C96003E422E /* FocusManager.swift */ = {isa = PBXFileReference; lastKnownFileType = sourcecode.swift; path = FocusManager.swift; sourceTree = "<group>"; };
		3F411E262E8D3D2B003E422E /* SettingsMenu.swift */ = {isa = PBXFileReference; lastKnownFileType = sourcecode.swift; path = SettingsMenu.swift; sourceTree = "<group>"; };
		3F411E2A2E8D42CE003E422E /* FocusSessionControlWindow.swift */ = {isa = PBXFileReference; lastKnownFileType = sourcecode.swift; path = FocusSessionControlWindow.swift; sourceTree = "<group>"; };
		3FAC077A2E8D2DDD00B915B2 /* FocusOne.app */ = {isa = PBXFileReference; explicitFileType = wrapper.application; includeInIndex = 0; path = FocusOne.app; sourceTree = BUILT_PRODUCTS_DIR; };
		3FAC078D2E8D2DE500B915B2 /* Assets.xcassets */ = {isa = PBXFileReference; lastKnownFileType = folder.assetcatalog; path = Assets.xcassets; sourceTree = "<group>"; };
		3FAC078F2E8D2DE500B915B2 /* FocusOne.entitlements */ = {isa = PBXFileReference; lastKnownFileType = text.plist.entitlements; path = FocusOne.entitlements; sourceTree = "<group>"; };
		3FAC07902E8D2DE500B915B2 /* FocusOneApp.swift */ = {isa = PBXFileReference; lastKnownFileType = sourcecode.swift; path = FocusOneApp.swift; sourceTree = "<group>"; };
		3FAC07912E8D2DE500B915B2 /* Info.plist */ = {isa = PBXFileReference; lastKnownFileType = text.plist.xml; path = Info.plist; sourceTree = "<group>"; };
		3FAC079B2E8D2E8900B915B2 /* FocusItem.swift */ = {isa = PBXFileReference; lastKnownFileType = sourcecode.swift; path = FocusItem.swift; sourceTree = "<group>"; };
		3FAC079D2E8D307F00B915B2 /* FocusSession.swift */ = {isa = PBXFileReference; lastKnownFileType = sourcecode.swift; path = FocusSession.swift; sourceTree = "<group>"; };
		3FAC07A02E8D325A00B915B2 /* FocusSessionCreationWindow.swift */ = {isa = PBXFileReference; lastKnownFileType = sourcecode.swift; path = FocusSessionCreationWindow.swift; sourceTree = "<group>"; };
		3FAC07A52E8D32A600B915B2 /* SoftPillButtonStyle.swift */ = {isa = PBXFileReference; lastKnownFileType = sourcecode.swift; path = SoftPillButtonStyle.swift; sourceTree = "<group>"; };
/* End PBXFileReference section */

/* Begin PBXFrameworksBuildPhase section */
		3FAC07772E8D2DDD00B915B2 /* Frameworks */ = {
			isa = PBXFrameworksBuildPhase;
			buildActionMask = 2147483647;
			files = (
			);
			runOnlyForDeploymentPostprocessing = 0;
		};
/* End PBXFrameworksBuildPhase section */

/* Begin PBXGroup section */
		3FAC07712E8D2DDD00B915B2 = {
			isa = PBXGroup;
			children = (
				3FAC07932E8D2DE500B915B2 /* FocusOne */,
				3FAC077B2E8D2DDD00B915B2 /* Products */,
			);
			sourceTree = "<group>";
		};
		3FAC077B2E8D2DDD00B915B2 /* Products */ = {
			isa = PBXGroup;
			children = (
				3FAC077A2E8D2DDD00B915B2 /* FocusOne.app */,
			);
			name = Products;
			sourceTree = "<group>";
		};
		3FAC07932E8D2DE500B915B2 /* FocusOne */ = {
			isa = PBXGroup;
			children = (
				3FAC079A2E8D2E8100B915B2 /* Shared */,
				3FAC079F2E8D323B00B915B2 /* macOS */,
				3FAC07902E8D2DE500B915B2 /* FocusOneApp.swift */,
				3FAC078D2E8D2DE500B915B2 /* Assets.xcassets */,
				3FAC07912E8D2DE500B915B2 /* Info.plist */,
				3FAC078F2E8D2DE500B915B2 /* FocusOne.entitlements */,
			);
			path = FocusOne;
			sourceTree = "<group>";
		};
		3FAC079A2E8D2E8100B915B2 /* Shared */ = {
			isa = PBXGroup;
			children = (
				3FAC07A22E8D327700B915B2 /* Models */,
			);
			path = Shared;
			sourceTree = "<group>";
		};
		3FAC079F2E8D323B00B915B2 /* macOS */ = {
			isa = PBXGroup;
			children = (
				3FAC07A42E8D32A100B915B2 /* Shared */,
				3FAC07A02E8D325A00B915B2 /* FocusSessionCreationWindow.swift */,
				3F411E2A2E8D42CE003E422E /* FocusSessionControlWindow.swift */,
				3F411E262E8D3D2B003E422E /* SettingsMenu.swift */,
			);
			path = macOS;
			sourceTree = "<group>";
		};
		3FAC07A22E8D327700B915B2 /* Models */ = {
			isa = PBXGroup;
			children = (
				3FAC079B2E8D2E8900B915B2 /* FocusItem.swift */,
				3FAC079D2E8D307F00B915B2 /* FocusSession.swift */,
				3F411E242E8D3C96003E422E /* FocusManager.swift */,
			);
			path = Models;
			sourceTree = "<group>";
		};
		3FAC07A42E8D32A100B915B2 /* Shared */ = {
			isa = PBXGroup;
			children = (
				3FAC07A52E8D32A600B915B2 /* SoftPillButtonStyle.swift */,
			);
			path = Shared;
			sourceTree = "<group>";
		};
/* End PBXGroup section */

/* Begin PBXNativeTarget section */
		3FAC07792E8D2DDD00B915B2 /* FocusOne */ = {
			isa = PBXNativeTarget;
			buildConfigurationList = 3FAC07882E8D2DDE00B915B2 /* Build configuration list for PBXNativeTarget "FocusOne" */;
			buildPhases = (
				3FAC07762E8D2DDD00B915B2 /* Sources */,
				3FAC07772E8D2DDD00B915B2 /* Frameworks */,
				3FAC07782E8D2DDD00B915B2 /* Resources */,
			);
			buildRules = (
			);
			dependencies = (
			);
			name = FocusOne;
			packageProductDependencies = (
			);
			productName = FocusOne;
			productReference = 3FAC077A2E8D2DDD00B915B2 /* FocusOne.app */;
			productType = "com.apple.product-type.application";
		};
/* End PBXNativeTarget section */

/* Begin PBXProject section */
		3FAC07722E8D2DDD00B915B2 /* Project object */ = {
			isa = PBXProject;
			attributes = {
				BuildIndependentTargetsInParallel = 1;
				LastSwiftUpdateCheck = 1640;
				LastUpgradeCheck = 1640;
				TargetAttributes = {
					3FAC07792E8D2DDD00B915B2 = {
						CreatedOnToolsVersion = 16.4;
					};
				};
			};
			buildConfigurationList = 3FAC07752E8D2DDD00B915B2 /* Build configuration list for PBXProject "FocusOne" */;
			developmentRegion = en;
			hasScannedForEncodings = 0;
			knownRegions = (
				en,
				Base,
			);
			mainGroup = 3FAC07712E8D2DDD00B915B2;
			minimizedProjectReferenceProxies = 1;
			preferredProjectObjectVersion = 77;
			productRefGroup = 3FAC077B2E8D2DDD00B915B2 /* Products */;
			projectDirPath = "";
			projectRoot = "";
			targets = (
				3FAC07792E8D2DDD00B915B2 /* FocusOne */,
			);
		};
/* End PBXProject section */

/* Begin PBXResourcesBuildPhase section */
		3FAC07782E8D2DDD00B915B2 /* Resources */ = {
			isa = PBXResourcesBuildPhase;
			buildActionMask = 2147483647;
			files = (
				3FAC07942E8D2DE500B915B2 /* Assets.xcassets in Resources */,
			);
			runOnlyForDeploymentPostprocessing = 0;
		};
/* End PBXResourcesBuildPhase section */

/* Begin PBXSourcesBuildPhase section */
		3FAC07762E8D2DDD00B915B2 /* Sources */ = {
			isa = PBXSourcesBuildPhase;
			buildActionMask = 2147483647;
			files = (
				3F411E272E8D3D2B003E422E /* SettingsMenu.swift in Sources */,
				3FAC07A62E8D32A600B915B2 /* SoftPillButtonStyle.swift in Sources */,
				3FAC079E2E8D307F00B915B2 /* FocusSession.swift in Sources */,
				3FAC07A12E8D325A00B915B2 /* FocusSessionCreationWindow.swift in Sources */,
				3FAC079C2E8D2E8900B915B2 /* FocusItem.swift in Sources */,
				3F411E252E8D3C96003E422E /* FocusManager.swift in Sources */,
				3FAC07972E8D2DE500B915B2 /* FocusOneApp.swift in Sources */,
				3F411E2B2E8D42CE003E422E /* FocusSessionControlWindow.swift in Sources */,
			);
			runOnlyForDeploymentPostprocessing = 0;
		};
/* End PBXSourcesBuildPhase section */

/* Begin XCBuildConfiguration section */
		3FAC07892E8D2DDE00B915B2 /* Debug */ = {
			isa = XCBuildConfiguration;
			buildSettings = {
				ASSETCATALOG_COMPILER_APPICON_NAME = AppIcon;
				ASSETCATALOG_COMPILER_GLOBAL_ACCENT_COLOR_NAME = AccentColor;
				CODE_SIGN_ENTITLEMENTS = FocusOne/FocusOne.entitlements;
				CODE_SIGN_STYLE = Automatic;
				CURRENT_PROJECT_VERSION = 1;
				DEVELOPMENT_TEAM = DCH98X3Y62;
				ENABLE_HARDENED_RUNTIME = YES;
				ENABLE_PREVIEWS = YES;
				GENERATE_INFOPLIST_FILE = YES;
				INFOPLIST_FILE = FocusOne/Info.plist;
				INFOPLIST_KEY_LSUIElement = YES;
				"INFOPLIST_KEY_UIApplicationSceneManifest_Generation[sdk=iphoneos*]" = YES;
				"INFOPLIST_KEY_UIApplicationSceneManifest_Generation[sdk=iphonesimulator*]" = YES;
				"INFOPLIST_KEY_UIApplicationSupportsIndirectInputEvents[sdk=iphoneos*]" = YES;
				"INFOPLIST_KEY_UIApplicationSupportsIndirectInputEvents[sdk=iphonesimulator*]" = YES;
				"INFOPLIST_KEY_UILaunchScreen_Generation[sdk=iphoneos*]" = YES;
				"INFOPLIST_KEY_UILaunchScreen_Generation[sdk=iphonesimulator*]" = YES;
				"INFOPLIST_KEY_UIStatusBarStyle[sdk=iphoneos*]" = UIStatusBarStyleDefault;
				"INFOPLIST_KEY_UIStatusBarStyle[sdk=iphonesimulator*]" = UIStatusBarStyleDefault;
				INFOPLIST_KEY_UISupportedInterfaceOrientations_iPad = "UIInterfaceOrientationPortrait UIInterfaceOrientationPortraitUpsideDown UIInterfaceOrientationLandscapeLeft UIInterfaceOrientationLandscapeRight";
				INFOPLIST_KEY_UISupportedInterfaceOrientations_iPhone = "UIInterfaceOrientationPortrait UIInterfaceOrientationLandscapeLeft UIInterfaceOrientationLandscapeRight";
				IPHONEOS_DEPLOYMENT_TARGET = 18.5;
				LD_RUNPATH_SEARCH_PATHS = "@executable_path/Frameworks";
				"LD_RUNPATH_SEARCH_PATHS[sdk=macosx*]" = "@executable_path/../Frameworks";
				MACOSX_DEPLOYMENT_TARGET = 14.0;
				MARKETING_VERSION = 1.0;
				PRODUCT_BUNDLE_IDENTIFIER = com.iroyzhang.FocusOne;
				PRODUCT_NAME = "$(TARGET_NAME)";
				REGISTER_APP_GROUPS = YES;
				SDKROOT = auto;
				SUPPORTED_PLATFORMS = "iphoneos iphonesimulator macosx xros xrsimulator";
				SWIFT_EMIT_LOC_STRINGS = YES;
				SWIFT_VERSION = 5.0;
				TARGETED_DEVICE_FAMILY = "1,2,7";
				XROS_DEPLOYMENT_TARGET = 2.5;
			};
			name = Debug;
		};
		3FAC078A2E8D2DDE00B915B2 /* Release */ = {
			isa = XCBuildConfiguration;
			buildSettings = {
				ASSETCATALOG_COMPILER_APPICON_NAME = AppIcon;
				ASSETCATALOG_COMPILER_GLOBAL_ACCENT_COLOR_NAME = AccentColor;
				CODE_SIGN_ENTITLEMENTS = FocusOne/FocusOne.entitlements;
				CODE_SIGN_STYLE = Automatic;
				CURRENT_PROJECT_VERSION = 1;
				DEVELOPMENT_TEAM = DCH98X3Y62;
				ENABLE_HARDENED_RUNTIME = YES;
				ENABLE_PREVIEWS = YES;
				GENERATE_INFOPLIST_FILE = YES;
				INFOPLIST_FILE = FocusOne/Info.plist;
				INFOPLIST_KEY_LSUIElement = YES;
				"INFOPLIST_KEY_UIApplicationSceneManifest_Generation[sdk=iphoneos*]" = YES;
				"INFOPLIST_KEY_UIApplicationSceneManifest_Generation[sdk=iphonesimulator*]" = YES;
				"INFOPLIST_KEY_UIApplicationSupportsIndirectInputEvents[sdk=iphoneos*]" = YES;
				"INFOPLIST_KEY_UIApplicationSupportsIndirectInputEvents[sdk=iphonesimulator*]" = YES;
				"INFOPLIST_KEY_UILaunchScreen_Generation[sdk=iphoneos*]" = YES;
				"INFOPLIST_KEY_UILaunchScreen_Generation[sdk=iphonesimulator*]" = YES;
				"INFOPLIST_KEY_UIStatusBarStyle[sdk=iphoneos*]" = UIStatusBarStyleDefault;
				"INFOPLIST_KEY_UIStatusBarStyle[sdk=iphonesimulator*]" = UIStatusBarStyleDefault;
				INFOPLIST_KEY_UISupportedInterfaceOrientations_iPad = "UIInterfaceOrientationPortrait UIInterfaceOrientationPortraitUpsideDown UIInterfaceOrientationLandscapeLeft UIInterfaceOrientationLandscapeRight";
				INFOPLIST_KEY_UISupportedInterfaceOrientations_iPhone = "UIInterfaceOrientationPortrait UIInterfaceOrientationLandscapeLeft UIInterfaceOrientationLandscapeRight";
				IPHONEOS_DEPLOYMENT_TARGET = 18.5;
				LD_RUNPATH_SEARCH_PATHS = "@executable_path/Frameworks";
				"LD_RUNPATH_SEARCH_PATHS[sdk=macosx*]" = "@executable_path/../Frameworks";
				MACOSX_DEPLOYMENT_TARGET = 14.0;
				MARKETING_VERSION = 1.0;
				PRODUCT_BUNDLE_IDENTIFIER = com.iroyzhang.FocusOne;
				PRODUCT_NAME = "$(TARGET_NAME)";
				REGISTER_APP_GROUPS = YES;
				SDKROOT = auto;
				SUPPORTED_PLATFORMS = "iphoneos iphonesimulator macosx xros xrsimulator";
				SWIFT_EMIT_LOC_STRINGS = YES;
				SWIFT_VERSION = 5.0;
				TARGETED_DEVICE_FAMILY = "1,2,7";
				XROS_DEPLOYMENT_TARGET = 2.5;
			};
			name = Release;
		};
		3FAC078B2E8D2DDE00B915B2 /* Debug */ = {
			isa = XCBuildConfiguration;
			buildSettings = {
				ALWAYS_SEARCH_USER_PATHS = NO;
				ASSETCATALOG_COMPILER_GENERATE_SWIFT_ASSET_SYMBOL_EXTENSIONS = YES;
				CLANG_ANALYZER_NONNULL = YES;
				CLANG_ANALYZER_NUMBER_OBJECT_CONVERSION = YES_AGGRESSIVE;
				CLANG_CXX_LANGUAGE_STANDARD = "gnu++20";
				CLANG_ENABLE_MODULES = YES;
				CLANG_ENABLE_OBJC_ARC = YES;
				CLANG_ENABLE_OBJC_WEAK = YES;
				CLANG_WARN_BLOCK_CAPTURE_AUTORELEASING = YES;
				CLANG_WARN_BOOL_CONVERSION = YES;
				CLANG_WARN_COMMA = YES;
				CLANG_WARN_CONSTANT_CONVERSION = YES;
				CLANG_WARN_DEPRECATED_OBJC_IMPLEMENTATIONS = YES;
				CLANG_WARN_DIRECT_OBJC_ISA_USAGE = YES_ERROR;
				CLANG_WARN_DOCUMENTATION_COMMENTS = YES;
				CLANG_WARN_EMPTY_BODY = YES;
				CLANG_WARN_ENUM_CONVERSION = YES;
				CLANG_WARN_INFINITE_RECURSION = YES;
				CLANG_WARN_INT_CONVERSION = YES;
				CLANG_WARN_NON_LITERAL_NULL_CONVERSION = YES;
				CLANG_WARN_OBJC_IMPLICIT_RETAIN_SELF = YES;
				CLANG_WARN_OBJC_LITERAL_CONVERSION = YES;
				CLANG_WARN_OBJC_ROOT_CLASS = YES_ERROR;
				CLANG_WARN_QUOTED_INCLUDE_IN_FRAMEWORK_HEADER = YES;
				CLANG_WARN_RANGE_LOOP_ANALYSIS = YES;
				CLANG_WARN_STRICT_PROTOTYPES = YES;
				CLANG_WARN_SUSPICIOUS_MOVE = YES;
				CLANG_WARN_UNGUARDED_AVAILABILITY = YES_AGGRESSIVE;
				CLANG_WARN_UNREACHABLE_CODE = YES;
				CLANG_WARN__DUPLICATE_METHOD_MATCH = YES;
				COPY_PHASE_STRIP = NO;
				DEBUG_INFORMATION_FORMAT = dwarf;
				DEVELOPMENT_TEAM = DCH98X3Y62;
				ENABLE_STRICT_OBJC_MSGSEND = YES;
				ENABLE_TESTABILITY = YES;
				ENABLE_USER_SCRIPT_SANDBOXING = YES;
				GCC_C_LANGUAGE_STANDARD = gnu17;
				GCC_DYNAMIC_NO_PIC = NO;
				GCC_NO_COMMON_BLOCKS = YES;
				GCC_OPTIMIZATION_LEVEL = 0;
				GCC_PREPROCESSOR_DEFINITIONS = (
					"DEBUG=1",
					"$(inherited)",
				);
				GCC_WARN_64_TO_32_BIT_CONVERSION = YES;
				GCC_WARN_ABOUT_RETURN_TYPE = YES_ERROR;
				GCC_WARN_UNDECLARED_SELECTOR = YES;
				GCC_WARN_UNINITIALIZED_AUTOS = YES_AGGRESSIVE;
				GCC_WARN_UNUSED_FUNCTION = YES;
				GCC_WARN_UNUSED_VARIABLE = YES;
				LOCALIZATION_PREFERS_STRING_CATALOGS = YES;
				MTL_ENABLE_DEBUG_INFO = INCLUDE_SOURCE;
				MTL_FAST_MATH = YES;
				ONLY_ACTIVE_ARCH = YES;
				SWIFT_ACTIVE_COMPILATION_CONDITIONS = "DEBUG $(inherited)";
				SWIFT_OPTIMIZATION_LEVEL = "-Onone";
			};
			name = Debug;
		};
		3FAC078C2E8D2DDE00B915B2 /* Release */ = {
			isa = XCBuildConfiguration;
			buildSettings = {
				ALWAYS_SEARCH_USER_PATHS = NO;
				ASSETCATALOG_COMPILER_GENERATE_SWIFT_ASSET_SYMBOL_EXTENSIONS = YES;
				CLANG_ANALYZER_NONNULL = YES;
				CLANG_ANALYZER_NUMBER_OBJECT_CONVERSION = YES_AGGRESSIVE;
				CLANG_CXX_LANGUAGE_STANDARD = "gnu++20";
				CLANG_ENABLE_MODULES = YES;
				CLANG_ENABLE_OBJC_ARC = YES;
				CLANG_ENABLE_OBJC_WEAK = YES;
				CLANG_WARN_BLOCK_CAPTURE_AUTORELEASING = YES;
				CLANG_WARN_BOOL_CONVERSION = YES;
				CLANG_WARN_COMMA = YES;
				CLANG_WARN_CONSTANT_CONVERSION = YES;
				CLANG_WARN_DEPRECATED_OBJC_IMPLEMENTATIONS = YES;
				CLANG_WARN_DIRECT_OBJC_ISA_USAGE = YES_ERROR;
				CLANG_WARN_DOCUMENTATION_COMMENTS = YES;
				CLANG_WARN_EMPTY_BODY = YES;
				CLANG_WARN_ENUM_CONVERSION = YES;
				CLANG_WARN_INFINITE_RECURSION = YES;
				CLANG_WARN_INT_CONVERSION = YES;
				CLANG_WARN_NON_LITERAL_NULL_CONVERSION = YES;
				CLANG_WARN_OBJC_IMPLICIT_RETAIN_SELF = YES;
				CLANG_WARN_OBJC_LITERAL_CONVERSION = YES;
				CLANG_WARN_OBJC_ROOT_CLASS = YES_ERROR;
				CLANG_WARN_QUOTED_INCLUDE_IN_FRAMEWORK_HEADER = YES;
				CLANG_WARN_RANGE_LOOP_ANALYSIS = YES;
				CLANG_WARN_STRICT_PROTOTYPES = YES;
				CLANG_WARN_SUSPICIOUS_MOVE = YES;
				CLANG_WARN_UNGUARDED_AVAILABILITY = YES_AGGRESSIVE;
				CLANG_WARN_UNREACHABLE_CODE = YES;
				CLANG_WARN__DUPLICATE_METHOD_MATCH = YES;
				COPY_PHASE_STRIP = NO;
				DEBUG_INFORMATION_FORMAT = "dwarf-with-dsym";
				DEVELOPMENT_TEAM = DCH98X3Y62;
				ENABLE_NS_ASSERTIONS = NO;
				ENABLE_STRICT_OBJC_MSGSEND = YES;
				ENABLE_USER_SCRIPT_SANDBOXING = YES;
				GCC_C_LANGUAGE_STANDARD = gnu17;
				GCC_NO_COMMON_BLOCKS = YES;
				GCC_WARN_64_TO_32_BIT_CONVERSION = YES;
				GCC_WARN_ABOUT_RETURN_TYPE = YES_ERROR;
				GCC_WARN_UNDECLARED_SELECTOR = YES;
				GCC_WARN_UNINITIALIZED_AUTOS = YES_AGGRESSIVE;
				GCC_WARN_UNUSED_FUNCTION = YES;
				GCC_WARN_UNUSED_VARIABLE = YES;
				LOCALIZATION_PREFERS_STRING_CATALOGS = YES;
				MTL_ENABLE_DEBUG_INFO = NO;
				MTL_FAST_MATH = YES;
				SWIFT_COMPILATION_MODE = wholemodule;
			};
			name = Release;
		};
/* End XCBuildConfiguration section */

/* Begin XCConfigurationList section */
		3FAC07752E8D2DDD00B915B2 /* Build configuration list for PBXProject "FocusOne" */ = {
			isa = XCConfigurationList;
			buildConfigurations = (
				3FAC078B2E8D2DDE00B915B2 /* Debug */,
				3FAC078C2E8D2DDE00B915B2 /* Release */,
			);
			defaultConfigurationIsVisible = 0;
			defaultConfigurationName = Release;
		};
		3FAC07882E8D2DDE00B915B2 /* Build configuration list for PBXNativeTarget "FocusOne" */ = {
			isa = XCConfigurationList;
			buildConfigurations = (
				3FAC07892E8D2DDE00B915B2 /* Debug */,
				3FAC078A2E8D2DDE00B915B2 /* Release */,
			);
			defaultConfigurationIsVisible = 0;
			defaultConfigurationName = Release;
		};
/* End XCConfigurationList section */
	};
	rootObject = 3FAC07722E8D2DDD00B915B2 /* Project object */;
}
